version = 1
revision = 3
requires-python = "==3.10.*"

[[package]]
name = "asgiref"
version = "3.8.1"
source = { registry = "https://pypi.org/simple" }
dependencies = [
    { name = "typing-extensions" },
]
sdist = { url = "https://files.pythonhosted.org/packages/29/38/b3395cc9ad1b56d2ddac9970bc8f4141312dbaec28bc7c218b0dfafd0f42/asgiref-3.8.1.tar.gz", hash = "sha256:c343bd80a0bec947a9860adb4c432ffa7db769836c64238fc34bdc3fec84d590", size = 35186, upload-time = "2024-03-22T14:39:36.863Z" }
wheels = [
    { url = "https://files.pythonhosted.org/packages/39/e3/893e8757be2612e6c266d9bb58ad2e3651524b5b40cf56761e985a28b13e/asgiref-3.8.1-py3-none-any.whl", hash = "sha256:3e1e3ecc849832fe52ccf2cb6686b7a55f82bb1d6aee72a58826471390335e47", size = 23828, upload-time = "2024-03-22T14:39:34.521Z" },
]

[[package]]
name = "attrs"
version = "24.2.0"
source = { registry = "https://pypi.org/simple" }
sdist = { url = "https://files.pythonhosted.org/packages/fc/0f/aafca9af9315aee06a89ffde799a10a582fe8de76c563ee80bbcdc08b3fb/attrs-24.2.0.tar.gz", hash = "sha256:5cfb1b9148b5b086569baec03f20d7b6bf3bcacc9a42bebf87ffaaca362f6346", size = 792678, upload-time = "2024-08-06T14:37:38.364Z" }
wheels = [
    { url = "https://files.pythonhosted.org/packages/6a/21/5b6702a7f963e95456c0de2d495f67bf5fd62840ac655dc451586d23d39a/attrs-24.2.0-py3-none-any.whl", hash = "sha256:81921eb96de3191c8258c199618104dd27ac608d9366f5e35d011eae1867ede2", size = 63001, upload-time = "2024-08-06T14:37:36.958Z" },
]

[[package]]
name = "autobahn"
version = "23.6.2"
source = { registry = "https://pypi.org/simple" }
dependencies = [
    { name = "cryptography" },
    { name = "hyperlink" },
    { name = "setuptools" },
    { name = "txaio" },
]
sdist = { url = "https://files.pythonhosted.org/packages/92/ee/c3320c326919394ff597592549ff5d29d2f7bf12be9ddaa9017caff1a170/autobahn-23.6.2.tar.gz", hash = "sha256:ec9421c52a2103364d1ef0468036e6019ee84f71721e86b36fe19ad6966c1181", size = 480814, upload-time = "2023-06-14T07:27:13.235Z" }

[package.optional-dependencies]
twisted = [
    { name = "attrs" },
    { name = "twisted" },
    { name = "zope-interface" },
]

[[package]]
name = "automat"
version = "24.8.1"
source = { registry = "https://pypi.org/simple" }
sdist = { url = "https://files.pythonhosted.org/packages/8d/2d/ede4ad7fc34ab4482389fa3369d304f2fa22e50770af706678f6a332fa82/automat-24.8.1.tar.gz", hash = "sha256:b34227cf63f6325b8ad2399ede780675083e439b20c323d376373d8ee6306d88", size = 128679, upload-time = "2024-08-19T17:31:58.187Z" }
wheels = [
    { url = "https://files.pythonhosted.org/packages/af/cc/55a32a2c98022d88812b5986d2a92c4ff3ee087e83b712ebc703bba452bf/Automat-24.8.1-py3-none-any.whl", hash = "sha256:bf029a7bc3da1e2c24da2343e7598affaa9f10bf0ab63ff808566ce90551e02a", size = 42585, upload-time = "2024-08-19T17:31:56.729Z" },
]

[[package]]
name = "beautifulsoup4"
version = "4.12.3"
source = { registry = "https://pypi.org/simple" }
dependencies = [
    { name = "soupsieve" },
]
sdist = { url = "https://files.pythonhosted.org/packages/b3/ca/824b1195773ce6166d388573fc106ce56d4a805bd7427b624e063596ec58/beautifulsoup4-4.12.3.tar.gz", hash = "sha256:74e3d1928edc070d21748185c46e3fb33490f22f52a3addee9aee0f4f7781051", size = 581181, upload-time = "2024-01-17T16:53:17.902Z" }
wheels = [
    { url = "https://files.pythonhosted.org/packages/b1/fe/e8c672695b37eecc5cbf43e1d0638d88d66ba3a44c4d321c796f4e59167f/beautifulsoup4-4.12.3-py3-none-any.whl", hash = "sha256:b80878c9f40111313e55da8ba20bdba06d8fa3969fc68304167741bbf9e082ed", size = 147925, upload-time = "2024-01-17T16:53:12.779Z" },
]

[[package]]
name = "bidict"
version = "0.23.1"
source = { registry = "https://pypi.org/simple" }
sdist = { url = "https://files.pythonhosted.org/packages/9a/6e/026678aa5a830e07cd9498a05d3e7e650a4f56a42f267a53d22bcda1bdc9/bidict-0.23.1.tar.gz", hash = "sha256:03069d763bc387bbd20e7d49914e75fc4132a41937fa3405417e1a5a2d006d71", size = 29093, upload-time = "2024-02-18T19:09:05.748Z" }
wheels = [
    { url = "https://files.pythonhosted.org/packages/99/37/e8730c3587a65eb5645d4aba2d27aae48e8003614d6aaf15dda67f702f1f/bidict-0.23.1-py3-none-any.whl", hash = "sha256:5dae8d4d79b552a71cbabc7deb25dfe8ce710b17ff41711e13010ead2abfc3e5", size = 32764, upload-time = "2024-02-18T19:09:04.156Z" },
]

[[package]]
name = "certifi"
version = "2024.8.30"
source = { registry = "https://pypi.org/simple" }
sdist = { url = "https://files.pythonhosted.org/packages/b0/ee/9b19140fe824b367c04c5e1b369942dd754c4c5462d5674002f75c4dedc1/certifi-2024.8.30.tar.gz", hash = "sha256:bec941d2aa8195e248a60b31ff9f0558284cf01a52591ceda73ea9afffd69fd9", size = 168507, upload-time = "2024-08-30T01:55:04.365Z" }
wheels = [
    { url = "https://files.pythonhosted.org/packages/12/90/3c9ff0512038035f59d279fddeb79f5f1eccd8859f06d6163c58798b9487/certifi-2024.8.30-py3-none-any.whl", hash = "sha256:922820b53db7a7257ffbda3f597266d435245903d80737e34f8a45ff3e3230d8", size = 167321, upload-time = "2024-08-30T01:55:02.591Z" },
]

[[package]]
name = "cffi"
version = "1.17.1"
source = { registry = "https://pypi.org/simple" }
dependencies = [
    { name = "pycparser" },
]
sdist = { url = "https://files.pythonhosted.org/packages/fc/97/c783634659c2920c3fc70419e3af40972dbaf758daa229a7d6ea6135c90d/cffi-1.17.1.tar.gz", hash = "sha256:1c39c6016c32bc48dd54561950ebd6836e1670f2ae46128f67cf49e789c52824", size = 516621, upload-time = "2024-09-04T20:45:21.852Z" }
wheels = [
    { url = "https://files.pythonhosted.org/packages/90/07/f44ca684db4e4f08a3fdc6eeb9a0d15dc6883efc7b8c90357fdbf74e186c/cffi-1.17.1-cp310-cp310-macosx_10_9_x86_64.whl", hash = "sha256:df8b1c11f177bc2313ec4b2d46baec87a5f3e71fc8b45dab2ee7cae86d9aba14", size = 182191, upload-time = "2024-09-04T20:43:30.027Z" },
    { url = "https://files.pythonhosted.org/packages/08/fd/cc2fedbd887223f9f5d170c96e57cbf655df9831a6546c1727ae13fa977a/cffi-1.17.1-cp310-cp310-macosx_11_0_arm64.whl", hash = "sha256:8f2cdc858323644ab277e9bb925ad72ae0e67f69e804f4898c070998d50b1a67", size = 178592, upload-time = "2024-09-04T20:43:32.108Z" },
    { url = "https://files.pythonhosted.org/packages/de/cc/4635c320081c78d6ffc2cab0a76025b691a91204f4aa317d568ff9280a2d/cffi-1.17.1-cp310-cp310-manylinux_2_12_i686.manylinux2010_i686.manylinux_2_17_i686.manylinux2014_i686.whl", hash = "sha256:edae79245293e15384b51f88b00613ba9f7198016a5948b5dddf4917d4d26382", size = 426024, upload-time = "2024-09-04T20:43:34.186Z" },
    { url = "https://files.pythonhosted.org/packages/b6/7b/3b2b250f3aab91abe5f8a51ada1b717935fdaec53f790ad4100fe2ec64d1/cffi-1.17.1-cp310-cp310-manylinux_2_17_aarch64.manylinux2014_aarch64.whl", hash = "sha256:45398b671ac6d70e67da8e4224a065cec6a93541bb7aebe1b198a61b58c7b702", size = 448188, upload-time = "2024-09-04T20:43:36.286Z" },
    { url = "https://files.pythonhosted.org/packages/d3/48/1b9283ebbf0ec065148d8de05d647a986c5f22586b18120020452fff8f5d/cffi-1.17.1-cp310-cp310-manylinux_2_17_ppc64le.manylinux2014_ppc64le.whl", hash = "sha256:ad9413ccdeda48c5afdae7e4fa2192157e991ff761e7ab8fdd8926f40b160cc3", size = 455571, upload-time = "2024-09-04T20:43:38.586Z" },
    { url = "https://files.pythonhosted.org/packages/40/87/3b8452525437b40f39ca7ff70276679772ee7e8b394934ff60e63b7b090c/cffi-1.17.1-cp310-cp310-manylinux_2_17_s390x.manylinux2014_s390x.whl", hash = "sha256:5da5719280082ac6bd9aa7becb3938dc9f9cbd57fac7d2871717b1feb0902ab6", size = 436687, upload-time = "2024-09-04T20:43:40.084Z" },
    { url = "https://files.pythonhosted.org/packages/8d/fb/4da72871d177d63649ac449aec2e8a29efe0274035880c7af59101ca2232/cffi-1.17.1-cp310-cp310-manylinux_2_17_x86_64.manylinux2014_x86_64.whl", hash = "sha256:2bb1a08b8008b281856e5971307cc386a8e9c5b625ac297e853d36da6efe9c17", size = 446211, upload-time = "2024-09-04T20:43:41.526Z" },
    { url = "https://files.pythonhosted.org/packages/ab/a0/62f00bcb411332106c02b663b26f3545a9ef136f80d5df746c05878f8c4b/cffi-1.17.1-cp310-cp310-musllinux_1_1_aarch64.whl", hash = "sha256:045d61c734659cc045141be4bae381a41d89b741f795af1dd018bfb532fd0df8", size = 461325, upload-time = "2024-09-04T20:43:43.117Z" },
    { url = "https://files.pythonhosted.org/packages/36/83/76127035ed2e7e27b0787604d99da630ac3123bfb02d8e80c633f218a11d/cffi-1.17.1-cp310-cp310-musllinux_1_1_i686.whl", hash = "sha256:6883e737d7d9e4899a8a695e00ec36bd4e5e4f18fabe0aca0efe0a4b44cdb13e", size = 438784, upload-time = "2024-09-04T20:43:45.256Z" },
    { url = "https://files.pythonhosted.org/packages/21/81/a6cd025db2f08ac88b901b745c163d884641909641f9b826e8cb87645942/cffi-1.17.1-cp310-cp310-musllinux_1_1_x86_64.whl", hash = "sha256:6b8b4a92e1c65048ff98cfe1f735ef8f1ceb72e3d5f0c25fdb12087a23da22be", size = 461564, upload-time = "2024-09-04T20:43:46.779Z" },
    { url = "https://files.pythonhosted.org/packages/f8/fe/4d41c2f200c4a457933dbd98d3cf4e911870877bd94d9656cc0fcb390681/cffi-1.17.1-cp310-cp310-win32.whl", hash = "sha256:c9c3d058ebabb74db66e431095118094d06abf53284d9c81f27300d0e0d8bc7c", size = 171804, upload-time = "2024-09-04T20:43:48.186Z" },
    { url = "https://files.pythonhosted.org/packages/d1/b6/0b0f5ab93b0df4acc49cae758c81fe4e5ef26c3ae2e10cc69249dfd8b3ab/cffi-1.17.1-cp310-cp310-win_amd64.whl", hash = "sha256:0f048dcf80db46f0098ccac01132761580d28e28bc0f78ae0d58048063317e15", size = 181299, upload-time = "2024-09-04T20:43:49.812Z" },
]

[[package]]
name = "charset-normalizer"
version = "3.4.0"
source = { registry = "https://pypi.org/simple" }
sdist = { url = "https://files.pythonhosted.org/packages/f2/4f/e1808dc01273379acc506d18f1504eb2d299bd4131743b9fc54d7be4df1e/charset_normalizer-3.4.0.tar.gz", hash = "sha256:223217c3d4f82c3ac5e29032b3f1c2eb0fb591b72161f86d93f5719079dae93e", size = 106620, upload-time = "2024-10-09T07:40:20.413Z" }
wheels = [
    { url = "https://files.pythonhosted.org/packages/69/8b/825cc84cf13a28bfbcba7c416ec22bf85a9584971be15b21dd8300c65b7f/charset_normalizer-3.4.0-cp310-cp310-macosx_10_9_universal2.whl", hash = "sha256:4f9fc98dad6c2eaa32fc3af1417d95b5e3d08aff968df0cd320066def971f9a6", size = 196363, upload-time = "2024-10-09T07:38:02.622Z" },
    { url = "https://files.pythonhosted.org/packages/23/81/d7eef6a99e42c77f444fdd7bc894b0ceca6c3a95c51239e74a722039521c/charset_normalizer-3.4.0-cp310-cp310-macosx_10_9_x86_64.whl", hash = "sha256:0de7b687289d3c1b3e8660d0741874abe7888100efe14bd0f9fd7141bcbda92b", size = 125639, upload-time = "2024-10-09T07:38:04.044Z" },
    { url = "https://files.pythonhosted.org/packages/21/67/b4564d81f48042f520c948abac7079356e94b30cb8ffb22e747532cf469d/charset_normalizer-3.4.0-cp310-cp310-macosx_11_0_arm64.whl", hash = "sha256:5ed2e36c3e9b4f21dd9422f6893dec0abf2cca553af509b10cd630f878d3eb99", size = 120451, upload-time = "2024-10-09T07:38:04.997Z" },
    { url = "https://files.pythonhosted.org/packages/c2/72/12a7f0943dd71fb5b4e7b55c41327ac0a1663046a868ee4d0d8e9c369b85/charset_normalizer-3.4.0-cp310-cp310-manylinux_2_17_aarch64.manylinux2014_aarch64.whl", hash = "sha256:40d3ff7fc90b98c637bda91c89d51264a3dcf210cade3a2c6f838c7268d7a4ca", size = 140041, upload-time = "2024-10-09T07:38:06.676Z" },
    { url = "https://files.pythonhosted.org/packages/67/56/fa28c2c3e31217c4c52158537a2cf5d98a6c1e89d31faf476c89391cd16b/charset_normalizer-3.4.0-cp310-cp310-manylinux_2_17_ppc64le.manylinux2014_ppc64le.whl", hash = "sha256:1110e22af8ca26b90bd6364fe4c763329b0ebf1ee213ba32b68c73de5752323d", size = 150333, upload-time = "2024-10-09T07:38:08.626Z" },
    { url = "https://files.pythonhosted.org/packages/f9/d2/466a9be1f32d89eb1554cf84073a5ed9262047acee1ab39cbaefc19635d2/charset_normalizer-3.4.0-cp310-cp310-manylinux_2_17_s390x.manylinux2014_s390x.whl", hash = "sha256:86f4e8cca779080f66ff4f191a685ced73d2f72d50216f7112185dc02b90b9b7", size = 142921, upload-time = "2024-10-09T07:38:10.301Z" },
    { url = "https://files.pythonhosted.org/packages/f8/01/344ec40cf5d85c1da3c1f57566c59e0c9b56bcc5566c08804a95a6cc8257/charset_normalizer-3.4.0-cp310-cp310-manylinux_2_17_x86_64.manylinux2014_x86_64.whl", hash = "sha256:7f683ddc7eedd742e2889d2bfb96d69573fde1d92fcb811979cdb7165bb9c7d3", size = 144785, upload-time = "2024-10-09T07:38:12.019Z" },
    { url = "https://files.pythonhosted.org/packages/73/8b/2102692cb6d7e9f03b9a33a710e0164cadfce312872e3efc7cfe22ed26b4/charset_normalizer-3.4.0-cp310-cp310-manylinux_2_5_i686.manylinux1_i686.manylinux_2_17_i686.manylinux2014_i686.whl", hash = "sha256:27623ba66c183eca01bf9ff833875b459cad267aeeb044477fedac35e19ba907", size = 146631, upload-time = "2024-10-09T07:38:13.701Z" },
    { url = "https://files.pythonhosted.org/packages/d8/96/cc2c1b5d994119ce9f088a9a0c3ebd489d360a2eb058e2c8049f27092847/charset_normalizer-3.4.0-cp310-cp310-musllinux_1_2_aarch64.whl", hash = "sha256:f606a1881d2663630ea5b8ce2efe2111740df4b687bd78b34a8131baa007f79b", size = 140867, upload-time = "2024-10-09T07:38:15.403Z" },
    { url = "https://files.pythonhosted.org/packages/c9/27/cde291783715b8ec30a61c810d0120411844bc4c23b50189b81188b273db/charset_normalizer-3.4.0-cp310-cp310-musllinux_1_2_i686.whl", hash = "sha256:0b309d1747110feb25d7ed6b01afdec269c647d382c857ef4663bbe6ad95a912", size = 149273, upload-time = "2024-10-09T07:38:16.433Z" },
    { url = "https://files.pythonhosted.org/packages/3a/a4/8633b0fc1a2d1834d5393dafecce4a1cc56727bfd82b4dc18fc92f0d3cc3/charset_normalizer-3.4.0-cp310-cp310-musllinux_1_2_ppc64le.whl", hash = "sha256:136815f06a3ae311fae551c3df1f998a1ebd01ddd424aa5603a4336997629e95", size = 152437, upload-time = "2024-10-09T07:38:18.013Z" },
    { url = "https://files.pythonhosted.org/packages/64/ea/69af161062166b5975ccbb0961fd2384853190c70786f288684490913bf5/charset_normalizer-3.4.0-cp310-cp310-musllinux_1_2_s390x.whl", hash = "sha256:14215b71a762336254351b00ec720a8e85cada43b987da5a042e4ce3e82bd68e", size = 150087, upload-time = "2024-10-09T07:38:19.089Z" },
    { url = "https://files.pythonhosted.org/packages/3b/fd/e60a9d9fd967f4ad5a92810138192f825d77b4fa2a557990fd575a47695b/charset_normalizer-3.4.0-cp310-cp310-musllinux_1_2_x86_64.whl", hash = "sha256:79983512b108e4a164b9c8d34de3992f76d48cadc9554c9e60b43f308988aabe", size = 145142, upload-time = "2024-10-09T07:38:20.78Z" },
    { url = "https://files.pythonhosted.org/packages/6d/02/8cb0988a1e49ac9ce2eed1e07b77ff118f2923e9ebd0ede41ba85f2dcb04/charset_normalizer-3.4.0-cp310-cp310-win32.whl", hash = "sha256:c94057af19bc953643a33581844649a7fdab902624d2eb739738a30e2b3e60fc", size = 94701, upload-time = "2024-10-09T07:38:21.851Z" },
    { url = "https://files.pythonhosted.org/packages/d6/20/f1d4670a8a723c46be695dff449d86d6092916f9e99c53051954ee33a1bc/charset_normalizer-3.4.0-cp310-cp310-win_amd64.whl", hash = "sha256:55f56e2ebd4e3bc50442fbc0888c9d8c94e4e06a933804e2af3e89e2f9c1c749", size = 102191, upload-time = "2024-10-09T07:38:23.467Z" },
    { url = "https://files.pythonhosted.org/packages/bf/9b/08c0432272d77b04803958a4598a51e2a4b51c06640af8b8f0f908c18bf2/charset_normalizer-3.4.0-py3-none-any.whl", hash = "sha256:fe9f97feb71aa9896b81973a7bbada8c49501dc73e58a10fcef6663af95e5079", size = 49446, upload-time = "2024-10-09T07:40:19.383Z" },
]

[[package]]
name = "constantly"
version = "23.10.4"
source = { registry = "https://pypi.org/simple" }
sdist = { url = "https://files.pythonhosted.org/packages/4d/6f/cb2a94494ff74aa9528a36c5b1422756330a75a8367bf20bd63171fc324d/constantly-23.10.4.tar.gz", hash = "sha256:aa92b70a33e2ac0bb33cd745eb61776594dc48764b06c35e0efd050b7f1c7cbd", size = 13300, upload-time = "2023-10-28T23:18:24.316Z" }
wheels = [
    { url = "https://files.pythonhosted.org/packages/b8/40/c199d095151addf69efdb4b9ca3a4f20f70e20508d6222bffb9b76f58573/constantly-23.10.4-py3-none-any.whl", hash = "sha256:3fd9b4d1c3dc1ec9757f3c52aef7e53ad9323dbe39f51dfd4c43853b68dfa3f9", size = 13547, upload-time = "2023-10-28T23:18:23.038Z" },
]

[[package]]
name = "cryptography"
version = "44.0.0"
source = { registry = "https://pypi.org/simple" }
dependencies = [
    { name = "cffi", marker = "platform_python_implementation != 'PyPy'" },
]
sdist = { url = "https://files.pythonhosted.org/packages/91/4c/45dfa6829acffa344e3967d6006ee4ae8be57af746ae2eba1c431949b32c/cryptography-44.0.0.tar.gz", hash = "sha256:cd4e834f340b4293430701e772ec543b0fbe6c2dea510a5286fe0acabe153a02", size = 710657, upload-time = "2024-11-27T18:07:10.168Z" }
wheels = [
    { url = "https://files.pythonhosted.org/packages/55/09/8cc67f9b84730ad330b3b72cf867150744bf07ff113cda21a15a1c6d2c7c/cryptography-44.0.0-cp37-abi3-macosx_10_9_universal2.whl", hash = "sha256:84111ad4ff3f6253820e6d3e58be2cc2a00adb29335d4cacb5ab4d4d34f2a123", size = 6541833, upload-time = "2024-11-27T18:05:55.475Z" },
    { url = "https://files.pythonhosted.org/packages/7e/5b/3759e30a103144e29632e7cb72aec28cedc79e514b2ea8896bb17163c19b/cryptography-44.0.0-cp37-abi3-manylinux_2_17_aarch64.manylinux2014_aarch64.whl", hash = "sha256:b15492a11f9e1b62ba9d73c210e2416724633167de94607ec6069ef724fad092", size = 3922710, upload-time = "2024-11-27T18:05:58.621Z" },
    { url = "https://files.pythonhosted.org/packages/5f/58/3b14bf39f1a0cfd679e753e8647ada56cddbf5acebffe7db90e184c76168/cryptography-44.0.0-cp37-abi3-manylinux_2_17_x86_64.manylinux2014_x86_64.whl", hash = "sha256:831c3c4d0774e488fdc83a1923b49b9957d33287de923d58ebd3cec47a0ae43f", size = 4137546, upload-time = "2024-11-27T18:06:01.062Z" },
    { url = "https://files.pythonhosted.org/packages/98/65/13d9e76ca19b0ba5603d71ac8424b5694415b348e719db277b5edc985ff5/cryptography-44.0.0-cp37-abi3-manylinux_2_28_aarch64.whl", hash = "sha256:761817a3377ef15ac23cd7834715081791d4ec77f9297ee694ca1ee9c2c7e5eb", size = 3915420, upload-time = "2024-11-27T18:06:03.487Z" },
    { url = "https://files.pythonhosted.org/packages/b1/07/40fe09ce96b91fc9276a9ad272832ead0fddedcba87f1190372af8e3039c/cryptography-44.0.0-cp37-abi3-manylinux_2_28_x86_64.whl", hash = "sha256:3c672a53c0fb4725a29c303be906d3c1fa99c32f58abe008a82705f9ee96f40b", size = 4154498, upload-time = "2024-11-27T18:06:05.763Z" },
    { url = "https://files.pythonhosted.org/packages/75/ea/af65619c800ec0a7e4034207aec543acdf248d9bffba0533342d1bd435e1/cryptography-44.0.0-cp37-abi3-manylinux_2_34_aarch64.whl", hash = "sha256:4ac4c9f37eba52cb6fbeaf5b59c152ea976726b865bd4cf87883a7e7006cc543", size = 3932569, upload-time = "2024-11-27T18:06:07.489Z" },
    { url = "https://files.pythonhosted.org/packages/c7/af/d1deb0c04d59612e3d5e54203159e284d3e7a6921e565bb0eeb6269bdd8a/cryptography-44.0.0-cp37-abi3-musllinux_1_2_aarch64.whl", hash = "sha256:ed3534eb1090483c96178fcb0f8893719d96d5274dfde98aa6add34614e97c8e", size = 4016721, upload-time = "2024-11-27T18:06:11.57Z" },
    { url = "https://files.pythonhosted.org/packages/bd/69/7ca326c55698d0688db867795134bdfac87136b80ef373aaa42b225d6dd5/cryptography-44.0.0-cp37-abi3-musllinux_1_2_x86_64.whl", hash = "sha256:f3f6fdfa89ee2d9d496e2c087cebef9d4fcbb0ad63c40e821b39f74bf48d9c5e", size = 4240915, upload-time = "2024-11-27T18:06:13.515Z" },
    { url = "https://files.pythonhosted.org/packages/ef/d4/cae11bf68c0f981e0413906c6dd03ae7fa864347ed5fac40021df1ef467c/cryptography-44.0.0-cp37-abi3-win32.whl", hash = "sha256:eb33480f1bad5b78233b0ad3e1b0be21e8ef1da745d8d2aecbb20671658b9053", size = 2757925, upload-time = "2024-11-27T18:06:16.019Z" },
    { url = "https://files.pythonhosted.org/packages/64/b1/50d7739254d2002acae64eed4fc43b24ac0cc44bf0a0d388d1ca06ec5bb1/cryptography-44.0.0-cp37-abi3-win_amd64.whl", hash = "sha256:abc998e0c0eee3c8a1904221d3f67dcfa76422b23620173e28c11d3e626c21bd", size = 3202055, upload-time = "2024-11-27T18:06:19.113Z" },
    { url = "https://files.pythonhosted.org/packages/11/18/61e52a3d28fc1514a43b0ac291177acd1b4de00e9301aaf7ef867076ff8a/cryptography-44.0.0-cp39-abi3-macosx_10_9_universal2.whl", hash = "sha256:660cb7312a08bc38be15b696462fa7cc7cd85c3ed9c576e81f4dc4d8b2b31591", size = 6542801, upload-time = "2024-11-27T18:06:21.431Z" },
    { url = "https://files.pythonhosted.org/packages/1a/07/5f165b6c65696ef75601b781a280fc3b33f1e0cd6aa5a92d9fb96c410e97/cryptography-44.0.0-cp39-abi3-manylinux_2_17_aarch64.manylinux2014_aarch64.whl", hash = "sha256:1923cb251c04be85eec9fda837661c67c1049063305d6be5721643c22dd4e2b7", size = 3922613, upload-time = "2024-11-27T18:06:24.314Z" },
    { url = "https://files.pythonhosted.org/packages/28/34/6b3ac1d80fc174812486561cf25194338151780f27e438526f9c64e16869/cryptography-44.0.0-cp39-abi3-manylinux_2_17_x86_64.manylinux2014_x86_64.whl", hash = "sha256:404fdc66ee5f83a1388be54300ae978b2efd538018de18556dde92575e05defc", size = 4137925, upload-time = "2024-11-27T18:06:27.079Z" },
    { url = "https://files.pythonhosted.org/packages/d0/c7/c656eb08fd22255d21bc3129625ed9cd5ee305f33752ef2278711b3fa98b/cryptography-44.0.0-cp39-abi3-manylinux_2_28_aarch64.whl", hash = "sha256:c5eb858beed7835e5ad1faba59e865109f3e52b3783b9ac21e7e47dc5554e289", size = 3915417, upload-time = "2024-11-27T18:06:28.959Z" },
    { url = "https://files.pythonhosted.org/packages/ef/82/72403624f197af0db6bac4e58153bc9ac0e6020e57234115db9596eee85d/cryptography-44.0.0-cp39-abi3-manylinux_2_28_x86_64.whl", hash = "sha256:f53c2c87e0fb4b0c00fa9571082a057e37690a8f12233306161c8f4b819960b7", size = 4155160, upload-time = "2024-11-27T18:06:30.866Z" },
    { url = "https://files.pythonhosted.org/packages/a2/cd/2f3c440913d4329ade49b146d74f2e9766422e1732613f57097fea61f344/cryptography-44.0.0-cp39-abi3-manylinux_2_34_aarch64.whl", hash = "sha256:9e6fc8a08e116fb7c7dd1f040074c9d7b51d74a8ea40d4df2fc7aa08b76b9e6c", size = 3932331, upload-time = "2024-11-27T18:06:33.432Z" },
    { url = "https://files.pythonhosted.org/packages/7f/df/8be88797f0a1cca6e255189a57bb49237402b1880d6e8721690c5603ac23/cryptography-44.0.0-cp39-abi3-musllinux_1_2_aarch64.whl", hash = "sha256:d2436114e46b36d00f8b72ff57e598978b37399d2786fd39793c36c6d5cb1c64", size = 4017372, upload-time = "2024-11-27T18:06:38.343Z" },
    { url = "https://files.pythonhosted.org/packages/af/36/5ccc376f025a834e72b8e52e18746b927f34e4520487098e283a719c205e/cryptography-44.0.0-cp39-abi3-musllinux_1_2_x86_64.whl", hash = "sha256:a01956ddfa0a6790d594f5b34fc1bfa6098aca434696a03cfdbe469b8ed79285", size = 4239657, upload-time = "2024-11-27T18:06:41.045Z" },
    { url = "https://files.pythonhosted.org/packages/46/b0/f4f7d0d0bcfbc8dd6296c1449be326d04217c57afb8b2594f017eed95533/cryptography-44.0.0-cp39-abi3-win32.whl", hash = "sha256:eca27345e1214d1b9f9490d200f9db5a874479be914199194e746c893788d417", size = 2758672, upload-time = "2024-11-27T18:06:43.566Z" },
    { url = "https://files.pythonhosted.org/packages/97/9b/443270b9210f13f6ef240eff73fd32e02d381e7103969dc66ce8e89ee901/cryptography-44.0.0-cp39-abi3-win_amd64.whl", hash = "sha256:708ee5f1bafe76d041b53a4f95eb28cdeb8d18da17e597d46d7833ee59b97ede", size = 3202071, upload-time = "2024-11-27T18:06:45.586Z" },
    { url = "https://files.pythonhosted.org/packages/77/d4/fea74422326388bbac0c37b7489a0fcb1681a698c3b875959430ba550daa/cryptography-44.0.0-pp310-pypy310_pp73-macosx_10_9_x86_64.whl", hash = "sha256:37d76e6863da3774cd9db5b409a9ecfd2c71c981c38788d3fcfaf177f447b731", size = 3338857, upload-time = "2024-11-27T18:06:48.88Z" },
    { url = "https://files.pythonhosted.org/packages/1a/aa/ba8a7467c206cb7b62f09b4168da541b5109838627f582843bbbe0235e8e/cryptography-44.0.0-pp310-pypy310_pp73-manylinux_2_28_aarch64.whl", hash = "sha256:f677e1268c4e23420c3acade68fac427fffcb8d19d7df95ed7ad17cdef8404f4", size = 3850615, upload-time = "2024-11-27T18:06:50.774Z" },
    { url = "https://files.pythonhosted.org/packages/89/fa/b160e10a64cc395d090105be14f399b94e617c879efd401188ce0fea39ee/cryptography-44.0.0-pp310-pypy310_pp73-manylinux_2_28_x86_64.whl", hash = "sha256:f5e7cb1e5e56ca0933b4873c0220a78b773b24d40d186b6738080b73d3d0a756", size = 4081622, upload-time = "2024-11-27T18:06:55.126Z" },
    { url = "https://files.pythonhosted.org/packages/47/8f/20ff0656bb0cf7af26ec1d01f780c5cfbaa7666736063378c5f48558b515/cryptography-44.0.0-pp310-pypy310_pp73-manylinux_2_34_aarch64.whl", hash = "sha256:8b3e6eae66cf54701ee7d9c83c30ac0a1e3fa17be486033000f2a73a12ab507c", size = 3867546, upload-time = "2024-11-27T18:06:57.694Z" },
    { url = "https://files.pythonhosted.org/packages/38/d9/28edf32ee2fcdca587146bcde90102a7319b2f2c690edfa627e46d586050/cryptography-44.0.0-pp310-pypy310_pp73-manylinux_2_34_x86_64.whl", hash = "sha256:be4ce505894d15d5c5037167ffb7f0ae90b7be6f2a98f9a5c3442395501c32fa", size = 4090937, upload-time = "2024-11-27T18:07:00.338Z" },
    { url = "https://files.pythonhosted.org/packages/cc/9d/37e5da7519de7b0b070a3fedd4230fe76d50d2a21403e0f2153d70ac4163/cryptography-44.0.0-pp310-pypy310_pp73-win_amd64.whl", hash = "sha256:62901fb618f74d7d81bf408c8719e9ec14d863086efe4185afd07c352aee1d2c", size = 3128774, upload-time = "2024-11-27T18:07:02.157Z" },
]

[[package]]
name = "django"
version = "5.1.4"
source = { registry = "https://pypi.org/simple" }
dependencies = [
    { name = "asgiref" },
    { name = "sqlparse" },
    { name = "tzdata", marker = "sys_platform == 'win32'" },
]
sdist = { url = "https://files.pythonhosted.org/packages/d3/e8/536555596dbb79f6e77418aeb40bdc1758c26725aba31919ba449e6d5e6a/Django-5.1.4.tar.gz", hash = "sha256:de450c09e91879fa5a307f696e57c851955c910a438a35e6b4c895e86bedc82a", size = 10716397, upload-time = "2024-12-04T15:09:06.648Z" }
wheels = [
    { url = "https://files.pythonhosted.org/packages/58/0b/8a4ab2c02982df4ed41e29f28f189459a7eba37899438e6bea7f39db793b/Django-5.1.4-py3-none-any.whl", hash = "sha256:236e023f021f5ce7dee5779de7b286565fdea5f4ab86bae5338e3f7b69896cf0", size = 8276471, upload-time = "2024-12-04T15:09:01.608Z" },
]

[[package]]
name = "h11"
version = "0.14.0"
source = { registry = "https://pypi.org/simple" }
sdist = { url = "https://files.pythonhosted.org/packages/f5/38/3af3d3633a34a3316095b39c8e8fb4853a28a536e55d347bd8d8e9a14b03/h11-0.14.0.tar.gz", hash = "sha256:8f19fbbe99e72420ff35c00b27a34cb9937e902a8b810e2c88300c6f0a3b699d", size = 100418, upload-time = "2022-09-25T15:40:01.519Z" }
wheels = [
    { url = "https://files.pythonhosted.org/packages/95/04/ff642e65ad6b90db43e668d70ffb6736436c7ce41fcc549f4e9472234127/h11-0.14.0-py3-none-any.whl", hash = "sha256:e3fe4ac4b851c468cc8363d500db52c2ead036020723024a109d37346efaa761", size = 58259, upload-time = "2022-09-25T15:39:59.68Z" },
]

[[package]]
name = "hyperlink"
version = "21.0.0"
source = { registry = "https://pypi.org/simple" }
dependencies = [
    { name = "idna" },
]
sdist = { url = "https://files.pythonhosted.org/packages/3a/51/1947bd81d75af87e3bb9e34593a4cf118115a8feb451ce7a69044ef1412e/hyperlink-21.0.0.tar.gz", hash = "sha256:427af957daa58bc909471c6c40f74c5450fa123dd093fc53efd2e91d2705a56b", size = 140743, upload-time = "2021-01-08T05:51:20.972Z" }
wheels = [
    { url = "https://files.pythonhosted.org/packages/6e/aa/8caf6a0a3e62863cbb9dab27135660acba46903b703e224f14f447e57934/hyperlink-21.0.0-py2.py3-none-any.whl", hash = "sha256:e6b14c37ecb73e89c77d78cdb4c2cc8f3fb59a885c5b3f819ff4ed80f25af1b4", size = 74638, upload-time = "2021-01-08T05:51:22.906Z" },
]

[[package]]
name = "idna"
version = "3.10"
source = { registry = "https://pypi.org/simple" }
sdist = { url = "https://files.pythonhosted.org/packages/f1/70/7703c29685631f5a7590aa73f1f1d3fa9a380e654b86af429e0934a32f7d/idna-3.10.tar.gz", hash = "sha256:12f65c9b470abda6dc35cf8e63cc574b1c52b11df2c86030af0ac09b01b13ea9", size = 190490, upload-time = "2024-09-15T18:07:39.745Z" }
wheels = [
    { url = "https://files.pythonhosted.org/packages/76/c6/c88e154df9c4e1a2a66ccf0005a88dfb2650c1dffb6f5ce603dfbd452ce3/idna-3.10-py3-none-any.whl", hash = "sha256:946d195a0d259cbba61165e88e65941f16e9b36ea6ddb97f00452bae8b1287d3", size = 70442, upload-time = "2024-09-15T18:07:37.964Z" },
]

[[package]]
name = "incremental"
version = "24.7.2"
source = { registry = "https://pypi.org/simple" }
dependencies = [
    { name = "setuptools" },
    { name = "tomli" },
]
sdist = { url = "https://files.pythonhosted.org/packages/27/87/156b374ff6578062965afe30cc57627d35234369b3336cf244b240c8d8e6/incremental-24.7.2.tar.gz", hash = "sha256:fb4f1d47ee60efe87d4f6f0ebb5f70b9760db2b2574c59c8e8912be4ebd464c9", size = 28157, upload-time = "2024-07-29T20:03:55.441Z" }
wheels = [
    { url = "https://files.pythonhosted.org/packages/0d/38/221e5b2ae676a3938c2c1919131410c342b6efc2baffeda395dd66eeca8f/incremental-24.7.2-py3-none-any.whl", hash = "sha256:8cb2c3431530bec48ad70513931a760f446ad6c25e8333ca5d95e24b0ed7b8fe", size = 20516, upload-time = "2024-07-29T20:03:53.677Z" },
]

[[package]]
name = "pycparser"
version = "2.22"
source = { registry = "https://pypi.org/simple" }
sdist = { url = "https://files.pythonhosted.org/packages/1d/b2/31537cf4b1ca988837256c910a668b553fceb8f069bedc4b1c826024b52c/pycparser-2.22.tar.gz", hash = "sha256:491c8be9c040f5390f5bf44a5b07752bd07f56edf992381b05c701439eec10f6", size = 172736, upload-time = "2024-03-30T13:22:22.564Z" }
wheels = [
    { url = "https://files.pythonhosted.org/packages/13/a3/a812df4e2dd5696d1f351d58b8fe16a405b234ad2886a0dab9183fb78109/pycparser-2.22-py3-none-any.whl", hash = "sha256:c3702b6d3dd8c7abc1afa565d7e63d53a1d0bd86cdc24edd75470f4de499cfcc", size = 117552, upload-time = "2024-03-30T13:22:20.476Z" },
]

[[package]]
name = "python-engineio"
version = "4.10.1"
source = { registry = "https://pypi.org/simple" }
dependencies = [
    { name = "simple-websocket" },
]
sdist = { url = "https://files.pythonhosted.org/packages/9e/d2/b985b0affc5944620e1f812969322f40204f75297c5087fc4cdd44f1a14e/python_engineio-4.10.1.tar.gz", hash = "sha256:166cea8dd7429638c5c4e3a4895beae95196e860bc6f29ed0b9fe753d1ef2072", size = 89853, upload-time = "2024-10-15T08:43:24.001Z" }
wheels = [
    { url = "https://files.pythonhosted.org/packages/fc/74/1cec7f067ade8ed0351aed93ae6cfcd070e803d60fa70ecac6705de62936/python_engineio-4.10.1-py3-none-any.whl", hash = "sha256:445a94004ec8034960ab99e7ce4209ec619c6e6b6a12aedcb05abeab924025c0", size = 57924, upload-time = "2024-10-15T08:43:22.136Z" },
]

[[package]]
name = "python-socketio"
version = "5.11.4"
source = { registry = "https://pypi.org/simple" }
dependencies = [
    { name = "bidict" },
    { name = "python-engineio" },
]
sdist = { url = "https://files.pythonhosted.org/packages/32/31/4ba0d9d86c645ba335d645f49167ca58b0874ca0e421682f97964e8adb42/python_socketio-5.11.4.tar.gz", hash = "sha256:8b0b8ff2964b2957c865835e936310190639c00310a47d77321a594d1665355e", size = 118982, upload-time = "2024-09-02T19:16:01.666Z" }
wheels = [
    { url = "https://files.pythonhosted.org/packages/7e/9a/52b94c8c9516e07844d3da3d0da3e68649f172aeeace8d7a1becca9e6111/python_socketio-5.11.4-py3-none-any.whl", hash = "sha256:42efaa3e3e0b166fc72a527488a13caaac2cefc76174252486503bd496284945", size = 76246, upload-time = "2024-09-02T19:15:59.825Z" },
]

[package.optional-dependencies]
client = [
    { name = "requests" },
    { name = "websocket-client" },
]

[[package]]
name = "refractory"
version = "0.1.0"
source = { editable = "." }
dependencies = [
    { name = "autobahn", extra = ["twisted"] },
    { name = "beautifulsoup4" },
    { name = "django" },
    { name = "python-socketio", extra = ["client"] },
    { name = "requests" },
    { name = "twisted" },
    { name = "websockets" },
]

[package.metadata]
requires-dist = [
    { name = "autobahn", extras = ["twisted"], specifier = ">=23.6.2,<24" },
    { name = "beautifulsoup4", specifier = ">=4.12.2,<5" },
    { name = "django", specifier = ">=5.0.1,<6" },
    { name = "python-socketio", extras = ["client"], specifier = ">=5.11.4,<6" },
    { name = "requests", specifier = ">=2.31.0,<3" },
    { name = "twisted", specifier = ">=22.10.0,<23" },
    { name = "websockets", specifier = ">=11.0.3,<12" },
]

[[package]]
name = "requests"
version = "2.32.3"
source = { registry = "https://pypi.org/simple" }
dependencies = [
    { name = "certifi" },
    { name = "charset-normalizer" },
    { name = "idna" },
    { name = "urllib3" },
]
sdist = { url = "https://files.pythonhosted.org/packages/63/70/2bf7780ad2d390a8d301ad0b550f1581eadbd9a20f896afe06353c2a2913/requests-2.32.3.tar.gz", hash = "sha256:55365417734eb18255590a9ff9eb97e9e1da868d4ccd6402399eaf68af20a760", size = 131218, upload-time = "2024-05-29T15:37:49.536Z" }
wheels = [
    { url = "https://files.pythonhosted.org/packages/f9/9b/335f9764261e915ed497fcdeb11df5dfd6f7bf257d4a6a2a686d80da4d54/requests-2.32.3-py3-none-any.whl", hash = "sha256:70761cfe03c773ceb22aa2f671b4757976145175cdfca038c02654d061d6dcc6", size = 64928, upload-time = "2024-05-29T15:37:47.027Z" },
]

[[package]]
name = "setuptools"
version = "75.6.0"
source = { registry = "https://pypi.org/simple" }
sdist = { url = "https://files.pythonhosted.org/packages/43/54/292f26c208734e9a7f067aea4a7e282c080750c4546559b58e2e45413ca0/setuptools-75.6.0.tar.gz", hash = "sha256:8199222558df7c86216af4f84c30e9b34a61d8ba19366cc914424cdbd28252f6", size = 1337429, upload-time = "2024-11-20T18:16:13.378Z" }
wheels = [
    { url = "https://files.pythonhosted.org/packages/55/21/47d163f615df1d30c094f6c8bbb353619274edccf0327b185cc2493c2c33/setuptools-75.6.0-py3-none-any.whl", hash = "sha256:ce74b49e8f7110f9bf04883b730f4765b774ef3ef28f722cce7c273d253aaf7d", size = 1224032, upload-time = "2024-11-20T18:16:10.861Z" },
]

[[package]]
name = "simple-websocket"
version = "1.1.0"
source = { registry = "https://pypi.org/simple" }
dependencies = [
    { name = "wsproto" },
]
sdist = { url = "https://files.pythonhosted.org/packages/b0/d4/bfa032f961103eba93de583b161f0e6a5b63cebb8f2c7d0c6e6efe1e3d2e/simple_websocket-1.1.0.tar.gz", hash = "sha256:7939234e7aa067c534abdab3a9ed933ec9ce4691b0713c78acb195560aa52ae4", size = 17300, upload-time = "2024-10-10T22:39:31.412Z" }
wheels = [
    { url = "https://files.pythonhosted.org/packages/52/59/0782e51887ac6b07ffd1570e0364cf901ebc36345fea669969d2084baebb/simple_websocket-1.1.0-py3-none-any.whl", hash = "sha256:4af6069630a38ed6c561010f0e11a5bc0d4ca569b36306eb257cd9a192497c8c", size = 13842, upload-time = "2024-10-10T22:39:29.645Z" },
]

[[package]]
name = "soupsieve"
version = "2.6"
source = { registry = "https://pypi.org/simple" }
sdist = { url = "https://files.pythonhosted.org/packages/d7/ce/fbaeed4f9fb8b2daa961f90591662df6a86c1abf25c548329a86920aedfb/soupsieve-2.6.tar.gz", hash = "sha256:e2e68417777af359ec65daac1057404a3c8a5455bb8abc36f1a9866ab1a51abb", size = 101569, upload-time = "2024-08-13T13:39:12.166Z" }
wheels = [
    { url = "https://files.pythonhosted.org/packages/d1/c2/fe97d779f3ef3b15f05c94a2f1e3d21732574ed441687474db9d342a7315/soupsieve-2.6-py3-none-any.whl", hash = "sha256:e72c4ff06e4fb6e4b5a9f0f55fe6e81514581fca1515028625d0f299c602ccc9", size = 36186, upload-time = "2024-08-13T13:39:10.986Z" },
]

[[package]]
name = "sqlparse"
version = "0.5.3"
source = { registry = "https://pypi.org/simple" }
sdist = { url = "https://files.pythonhosted.org/packages/e5/40/edede8dd6977b0d3da179a342c198ed100dd2aba4be081861ee5911e4da4/sqlparse-0.5.3.tar.gz", hash = "sha256:09f67787f56a0b16ecdbde1bfc7f5d9c3371ca683cfeaa8e6ff60b4807ec9272", size = 84999, upload-time = "2024-12-10T12:05:30.728Z" }
wheels = [
    { url = "https://files.pythonhosted.org/packages/a9/5c/bfd6bd0bf979426d405cc6e71eceb8701b148b16c21d2dc3c261efc61c7b/sqlparse-0.5.3-py3-none-any.whl", hash = "sha256:cf2196ed3418f3ba5de6af7e82c694a9fbdbfecccdfc72e281548517081f16ca", size = 44415, upload-time = "2024-12-10T12:05:27.824Z" },
]

[[package]]
name = "tomli"
version = "2.2.1"
source = { registry = "https://pypi.org/simple" }
sdist = { url = "https://files.pythonhosted.org/packages/18/87/302344fed471e44a87289cf4967697d07e532f2421fdaf868a303cbae4ff/tomli-2.2.1.tar.gz", hash = "sha256:cd45e1dc79c835ce60f7404ec8119f2eb06d38b1deba146f07ced3bbc44505ff", size = 17175, upload-time = "2024-11-27T22:38:36.873Z" }
wheels = [
    { url = "https://files.pythonhosted.org/packages/6e/c2/61d3e0f47e2b74ef40a68b9e6ad5984f6241a942f7cd3bbfbdbd03861ea9/tomli-2.2.1-py3-none-any.whl", hash = "sha256:cb55c73c5f4408779d0cf3eef9f762b9c9f147a77de7b258bef0a5628adc85cc", size = 14257, upload-time = "2024-11-27T22:38:35.385Z" },
]

[[package]]
name = "twisted"
version = "22.10.0"
source = { registry = "https://pypi.org/simple" }
dependencies = [
    { name = "attrs" },
    { name = "automat" },
    { name = "constantly" },
    { name = "hyperlink" },
    { name = "incremental" },
    { name = "twisted-iocpsupport", marker = "sys_platform == 'win32'" },
    { name = "typing-extensions" },
    { name = "zope-interface" },
]
sdist = { url = "https://files.pythonhosted.org/packages/b2/ce/cbb56597127b1d51905b0cddcc3f314cc769769efc5e9a8a67f4617f7bca/Twisted-22.10.0.tar.gz", hash = "sha256:32acbd40a94f5f46e7b42c109bfae2b302250945561783a8b7a059048f2d4d31", size = 3524935, upload-time = "2022-10-31T09:29:31.201Z" }
wheels = [
    { url = "https://files.pythonhosted.org/packages/ac/63/b5540d15dfeb7388fbe12fa55a902c118fd2b324be5430cdeac0c0439489/Twisted-22.10.0-py3-none-any.whl", hash = "sha256:86c55f712cc5ab6f6d64e02503352464f0400f66d4f079096d744080afcccbd0", size = 3119575, upload-time = "2022-10-31T09:29:29.008Z" },
]

[[package]]
name = "twisted-iocpsupport"
version = "1.0.4"
source = { registry = "https://pypi.org/simple" }
sdist = { url = "https://files.pythonhosted.org/packages/f3/35/f18bd75e29f7d887e918a9401e0aa66c10634861561fc085d197a738759f/twisted-iocpsupport-1.0.4.tar.gz", hash = "sha256:858096c0d15e33f15ac157f455d8f86f2f2cdd223963e58c0f682a3af8362d89", size = 10022, upload-time = "2023-08-10T10:11:51.307Z" }
wheels = [
    { url = "https://files.pythonhosted.org/packages/ac/fd/172697cff2cd365e8dd716c28b4fe81dbdb667c3d3a1d9f21c84db1fea2e/twisted_iocpsupport-1.0.4-cp310-cp310-win32.whl", hash = "sha256:afa2b630797f9ed2f27f3d9f55e3f72b4244911e45a8c82756f44babbf0b243e", size = 42123, upload-time = "2023-08-10T10:11:26.65Z" },
    { url = "https://files.pythonhosted.org/packages/b1/2e/d99419d50e883efe30f8d17c0851307671058561643ba2d73f4f2873af97/twisted_iocpsupport-1.0.4-cp310-cp310-win_amd64.whl", hash = "sha256:0058c963c8957bcd3deda62122e89953c9de1e867a274facc9b15dde1a9f31e8", size = 46809, upload-time = "2023-08-10T10:11:28.29Z" },
    { url = "https://files.pythonhosted.org/packages/d8/2e/18667b59a33dbe1075922aefcf669ce6ffeab161ed985a4a62fd4457de99/twisted_iocpsupport-1.0.4-pp310-pypy310_pp73-win_amd64.whl", hash = "sha256:872747a3b64e2909aee59c803ccd0bceb9b75bf27915520ebd32d69687040fa2", size = 42512, upload-time = "2023-08-10T10:11:45.936Z" },
]

[[package]]
name = "txaio"
version = "23.1.1"
source = { registry = "https://pypi.org/simple" }
sdist = { url = "https://files.pythonhosted.org/packages/51/91/bc9fd5aa84703f874dea27313b11fde505d343f3ef3ad702bddbe20bfd6e/txaio-23.1.1.tar.gz", hash = "sha256:f9a9216e976e5e3246dfd112ad7ad55ca915606b60b84a757ac769bd404ff704", size = 53704, upload-time = "2023-01-15T14:11:27.475Z" }
wheels = [
    { url = "https://files.pythonhosted.org/packages/7d/6c/a53cc9a97c2da76d9cd83c03f377468599a28f2d4ad9fc71c3b99640e71e/txaio-23.1.1-py2.py3-none-any.whl", hash = "sha256:aaea42f8aad50e0ecfb976130ada140797e9dcb85fad2cf72b0f37f8cefcb490", size = 30512, upload-time = "2023-01-15T14:11:24.999Z" },
]

[[package]]
name = "typing-extensions"
version = "4.12.2"
source = { registry = "https://pypi.org/simple" }
sdist = { url = "https://files.pythonhosted.org/packages/df/db/f35a00659bc03fec321ba8bce9420de607a1d37f8342eee1863174c69557/typing_extensions-4.12.2.tar.gz", hash = "sha256:1a7ead55c7e559dd4dee8856e3a88b41225abfe1ce8df57b7c13915fe121ffb8", size = 85321, upload-time = "2024-06-07T18:52:15.995Z" }
wheels = [
    { url = "https://files.pythonhosted.org/packages/26/9f/ad63fc0248c5379346306f8668cda6e2e2e9c95e01216d2b8ffd9ff037d0/typing_extensions-4.12.2-py3-none-any.whl", hash = "sha256:04e5ca0351e0f3f85c6853954072df659d0d13fac324d0072316b67d7794700d", size = 37438, upload-time = "2024-06-07T18:52:13.582Z" },
]

[[package]]
name = "tzdata"
version = "2024.2"
source = { registry = "https://pypi.org/simple" }
sdist = { url = "https://files.pythonhosted.org/packages/e1/34/943888654477a574a86a98e9896bae89c7aa15078ec29f490fef2f1e5384/tzdata-2024.2.tar.gz", hash = "sha256:7d85cc416e9382e69095b7bdf4afd9e3880418a2413feec7069d533d6b4e31cc", size = 193282, upload-time = "2024-09-23T18:56:46.89Z" }
wheels = [
    { url = "https://files.pythonhosted.org/packages/a6/ab/7e5f53c3b9d14972843a647d8d7a853969a58aecc7559cb3267302c94774/tzdata-2024.2-py2.py3-none-any.whl", hash = "sha256:a48093786cdcde33cad18c2555e8532f34422074448fbc874186f0abd79565cd", size = 346586, upload-time = "2024-09-23T18:56:45.478Z" },
]

[[package]]
name = "urllib3"
version = "2.2.3"
source = { registry = "https://pypi.org/simple" }
sdist = { url = "https://files.pythonhosted.org/packages/ed/63/22ba4ebfe7430b76388e7cd448d5478814d3032121827c12a2cc287e2260/urllib3-2.2.3.tar.gz", hash = "sha256:e7d814a81dad81e6caf2ec9fdedb284ecc9c73076b62654547cc64ccdcae26e9", size = 300677, upload-time = "2024-09-12T10:52:18.401Z" }
wheels = [
    { url = "https://files.pythonhosted.org/packages/ce/d9/5f4c13cecde62396b0d3fe530a50ccea91e7dfc1ccf0e09c228841bb5ba8/urllib3-2.2.3-py3-none-any.whl", hash = "sha256:ca899ca043dcb1bafa3e262d73aa25c465bfb49e0bd9dd5d59f1d0acba2f8fac", size = 126338, upload-time = "2024-09-12T10:52:16.589Z" },
]

[[package]]
name = "websocket-client"
version = "1.8.0"
source = { registry = "https://pypi.org/simple" }
sdist = { url = "https://files.pythonhosted.org/packages/e6/30/fba0d96b4b5fbf5948ed3f4681f7da2f9f64512e1d303f94b4cc174c24a5/websocket_client-1.8.0.tar.gz", hash = "sha256:3239df9f44da632f96012472805d40a23281a991027ce11d2f45a6f24ac4c3da", size = 54648, upload-time = "2024-04-23T22:16:16.976Z" }
wheels = [
    { url = "https://files.pythonhosted.org/packages/5a/84/44687a29792a70e111c5c477230a72c4b957d88d16141199bf9acb7537a3/websocket_client-1.8.0-py3-none-any.whl", hash = "sha256:17b44cc997f5c498e809b22cdf2d9c7a9e71c02c8cc2b6c56e7c2d1239bfa526", size = 58826, upload-time = "2024-04-23T22:16:14.422Z" },
]

[[package]]
name = "websockets"
version = "11.0.3"
source = { registry = "https://pypi.org/simple" }
sdist = { url = "https://files.pythonhosted.org/packages/d8/3b/2ed38e52eed4cf277f9df5f0463a99199a04d9e29c9e227cfafa57bd3993/websockets-11.0.3.tar.gz", hash = "sha256:88fc51d9a26b10fc331be344f1781224a375b78488fc343620184e95a4b27016", size = 104235, upload-time = "2023-05-07T14:25:20.083Z" }
wheels = [
    { url = "https://files.pythonhosted.org/packages/e1/76/88640f8aeac7eb0d058b913e7bb72682f8d569db44c7d30e576ec4777ce1/websockets-11.0.3-cp310-cp310-macosx_10_9_universal2.whl", hash = "sha256:3ccc8a0c387629aec40f2fc9fdcb4b9d5431954f934da3eaf16cdc94f67dbfac", size = 123714, upload-time = "2023-05-07T14:23:15.309Z" },
    { url = "https://files.pythonhosted.org/packages/b9/6b/26b28115b46e23e74ede76d95792eedfe8c58b21f4daabfff1e9f159c8fe/websockets-11.0.3-cp310-cp310-macosx_10_9_x86_64.whl", hash = "sha256:d67ac60a307f760c6e65dad586f556dde58e683fab03323221a4e530ead6f74d", size = 120949, upload-time = "2023-05-07T14:23:17.656Z" },
    { url = "https://files.pythonhosted.org/packages/f3/82/2d1f3395d47fab65fa8b801e2251b324300ed8db54753b6fb7919cef0c11/websockets-11.0.3-cp310-cp310-macosx_11_0_arm64.whl", hash = "sha256:84d27a4832cc1a0ee07cdcf2b0629a8a72db73f4cf6de6f0904f6661227f256f", size = 121032, upload-time = "2023-05-07T14:23:20.096Z" },
    { url = "https://files.pythonhosted.org/packages/b2/ec/56bdd12d847e4fc2d0a7ba2d7f1476f79cda50599d11ffb6080b86f21ef1/websockets-11.0.3-cp310-cp310-manylinux_2_17_aarch64.manylinux2014_aarch64.whl", hash = "sha256:ffd7dcaf744f25f82190856bc26ed81721508fc5cbf2a330751e135ff1283564", size = 130620, upload-time = "2023-05-07T14:23:21.545Z" },
    { url = "https://files.pythonhosted.org/packages/c9/fb/ae5ed4be3514287cf8f6c348c87e1392a6e3f4d6eadae75c18847a2f84b6/websockets-11.0.3-cp310-cp310-manylinux_2_5_i686.manylinux1_i686.manylinux_2_17_i686.manylinux2014_i686.whl", hash = "sha256:7622a89d696fc87af8e8d280d9b421db5133ef5b29d3f7a1ce9f1a7bf7fcfa11", size = 129628, upload-time = "2023-05-07T14:23:23.105Z" },
    { url = "https://files.pythonhosted.org/packages/58/0a/7570e15661a0a546c3a1152d95fe8c05480459bab36247f0acbf41f01a41/websockets-11.0.3-cp310-cp310-manylinux_2_5_x86_64.manylinux1_x86_64.manylinux_2_17_x86_64.manylinux2014_x86_64.whl", hash = "sha256:bceab846bac555aff6427d060f2fcfff71042dba6f5fca7dc4f75cac815e57ca", size = 129938, upload-time = "2023-05-07T14:23:24.959Z" },
    { url = "https://files.pythonhosted.org/packages/ba/6c/5c0322b2875e8395e6bf0eff11f43f3e25da7ef5b12f4d908cd3a19ea841/websockets-11.0.3-cp310-cp310-musllinux_1_1_aarch64.whl", hash = "sha256:54c6e5b3d3a8936a4ab6870d46bdd6ec500ad62bde9e44462c32d18f1e9a8e54", size = 134663, upload-time = "2023-05-07T14:23:26.382Z" },
    { url = "https://files.pythonhosted.org/packages/de/0e/d7274e4d41d7b34f204744c27a23707be2ecefaf6f7df2145655f086ecd7/websockets-11.0.3-cp310-cp310-musllinux_1_1_i686.whl", hash = "sha256:41f696ba95cd92dc047e46b41b26dd24518384749ed0d99bea0a941ca87404c4", size = 133900, upload-time = "2023-05-07T14:23:28.307Z" },
    { url = "https://files.pythonhosted.org/packages/82/3c/00f051abcf88aec5e952a8840076749b0b26a30c219dcae8ba70200998aa/websockets-11.0.3-cp310-cp310-musllinux_1_1_x86_64.whl", hash = "sha256:86d2a77fd490ae3ff6fae1c6ceaecad063d3cc2320b44377efdde79880e11526", size = 134520, upload-time = "2023-05-07T14:23:30.734Z" },
    { url = "https://files.pythonhosted.org/packages/8f/7b/4d4ecd29be7d08486e38f987a6603c491296d1e33fe55127d79aebb0333e/websockets-11.0.3-cp310-cp310-win32.whl", hash = "sha256:2d903ad4419f5b472de90cd2d40384573b25da71e33519a67797de17ef849b69", size = 124152, upload-time = "2023-05-07T14:23:33.183Z" },
    { url = "https://files.pythonhosted.org/packages/98/a7/0ed69892981351e5acf88fac0ff4c801fabca2c3bdef9fca4c7d3fde8c53/websockets-11.0.3-cp310-cp310-win_amd64.whl", hash = "sha256:1d2256283fa4b7f4c7d7d3e84dc2ece74d341bce57d5b9bf385df109c2a1a82f", size = 124674, upload-time = "2023-05-07T14:23:35.331Z" },
    { url = "https://files.pythonhosted.org/packages/47/96/9d5749106ff57629b54360664ae7eb9afd8302fad1680ead385383e33746/websockets-11.0.3-py3-none-any.whl", hash = "sha256:6681ba9e7f8f3b19440921e99efbb40fc89f26cd71bf539e45d8c8a25c976dc6", size = 118056, upload-time = "2023-05-07T14:25:18.508Z" },
]

[[package]]
name = "wsproto"
version = "1.2.0"
source = { registry = "https://pypi.org/simple" }
dependencies = [
    { name = "h11" },
]
sdist = { url = "https://files.pythonhosted.org/packages/c9/4a/44d3c295350d776427904d73c189e10aeae66d7f555bb2feee16d1e4ba5a/wsproto-1.2.0.tar.gz", hash = "sha256:ad565f26ecb92588a3e43bc3d96164de84cd9902482b130d0ddbaa9664a85065", size = 53425, upload-time = "2022-08-23T19:58:21.447Z" }
wheels = [
    { url = "https://files.pythonhosted.org/packages/78/58/e860788190eba3bcce367f74d29c4675466ce8dddfba85f7827588416f01/wsproto-1.2.0-py3-none-any.whl", hash = "sha256:b9acddd652b585d75b20477888c56642fdade28bdfd3579aa24a4d2c037dd736", size = 24226, upload-time = "2022-08-23T19:58:19.96Z" },
]

[[package]]
name = "zope-interface"
version = "7.2"
source = { registry = "https://pypi.org/simple" }
dependencies = [
    { name = "setuptools" },
]
sdist = { url = "https://files.pythonhosted.org/packages/30/93/9210e7606be57a2dfc6277ac97dcc864fd8d39f142ca194fdc186d596fda/zope.interface-7.2.tar.gz", hash = "sha256:8b49f1a3d1ee4cdaf5b32d2e738362c7f5e40ac8b46dd7d1a65e82a4872728fe", size = 252960, upload-time = "2024-11-28T08:45:39.224Z" }
wheels = [
    { url = "https://files.pythonhosted.org/packages/76/71/e6177f390e8daa7e75378505c5ab974e0bf59c1d3b19155638c7afbf4b2d/zope.interface-7.2-cp310-cp310-macosx_10_9_x86_64.whl", hash = "sha256:ce290e62229964715f1011c3dbeab7a4a1e4971fd6f31324c4519464473ef9f2", size = 208243, upload-time = "2024-11-28T08:47:29.781Z" },
    { url = "https://files.pythonhosted.org/packages/52/db/7e5f4226bef540f6d55acfd95cd105782bc6ee044d9b5587ce2c95558a5e/zope.interface-7.2-cp310-cp310-macosx_11_0_arm64.whl", hash = "sha256:05b910a5afe03256b58ab2ba6288960a2892dfeef01336dc4be6f1b9ed02ab0a", size = 208759, upload-time = "2024-11-28T08:47:31.908Z" },
    { url = "https://files.pythonhosted.org/packages/28/ea/fdd9813c1eafd333ad92464d57a4e3a82b37ae57c19497bcffa42df673e4/zope.interface-7.2-cp310-cp310-manylinux_2_17_aarch64.manylinux2014_aarch64.whl", hash = "sha256:550f1c6588ecc368c9ce13c44a49b8d6b6f3ca7588873c679bd8fd88a1b557b6", size = 254922, upload-time = "2024-11-28T09:18:11.795Z" },
    { url = "https://files.pythonhosted.org/packages/3b/d3/0000a4d497ef9fbf4f66bb6828b8d0a235e690d57c333be877bec763722f/zope.interface-7.2-cp310-cp310-manylinux_2_5_i686.manylinux1_i686.manylinux_2_17_i686.manylinux2014_i686.whl", hash = "sha256:0ef9e2f865721553c6f22a9ff97da0f0216c074bd02b25cf0d3af60ea4d6931d", size = 249367, upload-time = "2024-11-28T08:48:24.238Z" },
    { url = "https://files.pythonhosted.org/packages/3e/e5/0b359e99084f033d413419eff23ee9c2bd33bca2ca9f4e83d11856f22d10/zope.interface-7.2-cp310-cp310-manylinux_2_5_x86_64.manylinux1_x86_64.manylinux_2_17_x86_64.manylinux2014_x86_64.whl", hash = "sha256:27f926f0dcb058211a3bb3e0e501c69759613b17a553788b2caeb991bed3b61d", size = 254488, upload-time = "2024-11-28T08:48:28.816Z" },
    { url = "https://files.pythonhosted.org/packages/7b/90/12d50b95f40e3b2fc0ba7f7782104093b9fd62806b13b98ef4e580f2ca61/zope.interface-7.2-cp310-cp310-win_amd64.whl", hash = "sha256:144964649eba4c5e4410bb0ee290d338e78f179cdbfd15813de1a664e7649b3b", size = 211947, upload-time = "2024-11-28T08:48:18.831Z" },
]
